
Microsoft Visual Studio Solution File, Format Version 12.00
# Visual Studio Version 16
VisualStudioVersion = 16.0.30309.148
MinimumVisualStudioVersion = 10.0.40219.1
Project("{9A19103F-16F7-4668-BE54-9A1E7A4F7556}") = "NENet", "src\NENet\NENet.csproj", "{4F988CF7-04F5-4CA8-954B-3DD66A7C31A4}"
EndProject
Project("{FAE04EC0-301F-11D3-BF4B-00C04F79EFBC}") = "NENet.Tests.UnitTests", "tests\NENet.Tests.UnitTests\NENet.Tests.UnitTests.csproj", "{4141ABB1-0AFC-4581-A837-0D085476BE57}"
EndProject
Project("{FAE04EC0-301F-11D3-BF4B-00C04F79EFBC}") = "NENet.Tests.DatagramSocketTests", "tests\NENet.Tests.DatagramSocketTests\NENet.Tests.DatagramSocketTests.csproj", "{5F20B859-0DB3-42CC-9B69-E94BE7E4A887}"
EndProject
Global
	GlobalSection(SolutionConfigurationPlatforms) = preSolution
		Debug|Any CPU = Debug|Any CPU
		Release|Any CPU = Release|Any CPU
	EndGlobalSection
	GlobalSection(ProjectConfigurationPlatforms) = postSolution
		{4F988CF7-04F5-4CA8-954B-3DD66A7C31A4}.Debug|Any CPU.ActiveCfg = Debug|Any CPU
		{4F988CF7-04F5-4CA8-954B-3DD66A7C31A4}.Debug|Any CPU.Build.0 = Debug|Any CPU
		{4F988CF7-04F5-4CA8-954B-3DD66A7C31A4}.Release|Any CPU.ActiveCfg = Release|Any CPU
		{4F988CF7-04F5-4CA8-954B-3DD66A7C31A4}.Release|Any CPU.Build.0 = Release|Any CPU
		{4141ABB1-0AFC-4581-A837-0D085476BE57}.Debug|Any CPU.ActiveCfg = Debug|Any CPU
		{4141ABB1-0AFC-4581-A837-0D085476BE57}.Debug|Any CPU.Build.0 = Debug|Any CPU
		{4141ABB1-0AFC-4581-A837-0D085476BE57}.Release|Any CPU.ActiveCfg = Release|Any CPU
		{4141ABB1-0AFC-4581-A837-0D085476BE57}.Release|Any CPU.Build.0 = Release|Any CPU
		{5F20B859-0DB3-42CC-9B69-E94BE7E4A887}.Debug|Any CPU.ActiveCfg = Debug|Any CPU
		{5F20B859-0DB3-42CC-9B69-E94BE7E4A887}.Debug|Any CPU.Build.0 = Debug|Any CPU
		{5F20B859-0DB3-42CC-9B69-E94BE7E4A887}.Release|Any CPU.ActiveCfg = Release|Any CPU
		{5F20B859-0DB3-42CC-9B69-E94BE7E4A887}.Release|Any CPU.Build.0 = Release|Any CPU
	EndGlobalSection
	GlobalSection(SolutionProperties) = preSolution
		HideSolutionNode = FALSE
	EndGlobalSection
	GlobalSection(ExtensibilityGlobals) = postSolution
		SolutionGuid = {6A1EFDA2-85C7-4FAB-B196-7EB27A52D2E3}
	EndGlobalSection
EndGlobal
